
Microsoft Visual Studio Solution File, Format Version 12.00
# Visual Studio Version 16
VisualStudioVersion = 16.0.30717.126
MinimumVisualStudioVersion = 10.0.40219.1
Project("{FAE04EC0-301F-11D3-BF4B-00C04F79EFBC}") = "TestMaximumUsingGenerics", "TestMaximumUsingGenerics\TestMaximumUsingGenerics.csproj", "{52B0A6AA-45B6-45AC-BBBC-147565C492F2}"
EndProject
Project("{FAE04EC0-301F-11D3-BF4B-00C04F79EFBC}") = "MaxNumberTest", "MaxNumberTest\MaxNumberTest.csproj", "{4E9B6D0D-64EA-4BAF-A202-77016F893CF1}"
EndProject
Global
	GlobalSection(SolutionConfigurationPlatforms) = preSolution
		Debug|Any CPU = Debug|Any CPU
		Release|Any CPU = Release|Any CPU
	EndGlobalSection
	GlobalSection(ProjectConfigurationPlatforms) = postSolution
		{52B0A6AA-45B6-45AC-BBBC-147565C492F2}.Debug|Any CPU.ActiveCfg = Debug|Any CPU
		{52B0A6AA-45B6-45AC-BBBC-147565C492F2}.Debug|Any CPU.Build.0 = Debug|Any CPU
		{52B0A6AA-45B6-45AC-BBBC-147565C492F2}.Release|Any CPU.ActiveCfg = Release|Any CPU
		{52B0A6AA-45B6-45AC-BBBC-147565C492F2}.Release|Any CPU.Build.0 = Release|Any CPU
		{4E9B6D0D-64EA-4BAF-A202-77016F893CF1}.Debug|Any CPU.ActiveCfg = Debug|Any CPU
		{4E9B6D0D-64EA-4BAF-A202-77016F893CF1}.Debug|Any CPU.Build.0 = Debug|Any CPU
		{4E9B6D0D-64EA-4BAF-A202-77016F893CF1}.Release|Any CPU.ActiveCfg = Release|Any CPU
		{4E9B6D0D-64EA-4BAF-A202-77016F893CF1}.Release|Any CPU.Build.0 = Release|Any CPU
	EndGlobalSection
	GlobalSection(SolutionProperties) = preSolution
		HideSolutionNode = FALSE
	EndGlobalSection
	GlobalSection(ExtensibilityGlobals) = postSolution
		SolutionGuid = {F651A60E-CDE5-49AC-B797-9015B37F5D9F}
	EndGlobalSection
EndGlobal
